// !$*UTF8*$!
{
	archiveVersion = 1;
	classes = {
	};
	objectVersion = 46;
	objects = {

/* Begin PBXBuildFile section */
		7B026FB91C11711D005089B5 /* RootTableViewController.swift in Sources */ = {isa = PBXBuildFile; fileRef = 7B026FB81C11711D005089B5 /* RootTableViewController.swift */; };
		7B026FC11C11896F005089B5 /* Model.swift in Sources */ = {isa = PBXBuildFile; fileRef = 7B026FBB1C11896F005089B5 /* Model.swift */; };
		7B026FC21C11896F005089B5 /* NibTableViewCell.swift in Sources */ = {isa = PBXBuildFile; fileRef = 7B026FBC1C11896F005089B5 /* NibTableViewCell.swift */; };
		7B026FC31C11896F005089B5 /* NibTableViewCell.xib in Resources */ = {isa = PBXBuildFile; fileRef = 7B026FBD1C11896F005089B5 /* NibTableViewCell.xib */; };
		7B026FC61C11896F005089B5 /* TableViewController.swift in Sources */ = {isa = PBXBuildFile; fileRef = 7B026FC01C11896F005089B5 /* TableViewController.swift */; };
		7B026FC81C118983005089B5 /* SelfSizeCellDemoTableViewController.swift in Sources */ = {isa = PBXBuildFile; fileRef = 7B026FC71C118983005089B5 /* SelfSizeCellDemoTableViewController.swift */; };
		7B026FCA1C118A16005089B5 /* SelfSizeCellTableViewTableViewCell.swift in Sources */ = {isa = PBXBuildFile; fileRef = 7B026FC91C118A16005089B5 /* SelfSizeCellTableViewTableViewCell.swift */; };
		7B183FEB1C167402007F25C7 /* ARCViewController.swift in Sources */ = {isa = PBXBuildFile; fileRef = 7B183FEA1C167402007F25C7 /* ARCViewController.swift */; };
		7B183FED1C16786F007F25C7 /* ImageButton.swift in Sources */ = {isa = PBXBuildFile; fileRef = 7B183FEC1C16786F007F25C7 /* ImageButton.swift */; };
		7B1949191C51DBF300B6C97F /* BleManager.swift in Sources */ = {isa = PBXBuildFile; fileRef = 7B1949181C51DBF300B6C97F /* BleManager.swift */; };
		7B1CF4DF1C508AFA006F239B /* ActionTableViewCell.swift in Sources */ = {isa = PBXBuildFile; fileRef = 7B1CF4DE1C508AFA006F239B /* ActionTableViewCell.swift */; };
		7B28855F1C3E121700A42FAA /* MotionManagerViewController.swift in Sources */ = {isa = PBXBuildFile; fileRef = 7B28855E1C3E121700A42FAA /* MotionManagerViewController.swift */; };
		7B2885611C3E167300A42FAA /* APLGraphView.swift in Sources */ = {isa = PBXBuildFile; fileRef = 7B2885601C3E167300A42FAA /* APLGraphView.swift */; };
		7B3C8A2D1C43A7D1008081AD /* LocationManagerViewController.swift in Sources */ = {isa = PBXBuildFile; fileRef = 7B3C8A2C1C43A7D1008081AD /* LocationManagerViewController.swift */; };
		7B991E0A1C4F6BF000E8E5F8 /* CharacteristicTableViewController.swift in Sources */ = {isa = PBXBuildFile; fileRef = 7B991E091C4F6BF000E8E5F8 /* CharacteristicTableViewController.swift */; };
		7B9DB0211C4497F9002C0F29 /* MoreSensorViewController.swift in Sources */ = {isa = PBXBuildFile; fileRef = 7B9DB0201C4497F9002C0F29 /* MoreSensorViewController.swift */; };
		7B9DB0231C449D5E002C0F29 /* MagnetometerViewController.swift in Sources */ = {isa = PBXBuildFile; fileRef = 7B9DB0221C449D5E002C0F29 /* MagnetometerViewController.swift */; };
		7B9DB0261C44D395002C0F29 /* BluetoolsTableViewController.swift in Sources */ = {isa = PBXBuildFile; fileRef = 7B9DB0251C44D395002C0F29 /* BluetoolsTableViewController.swift */; };
		7B9DB0281C44D3C4002C0F29 /* BluetoolsTableViewCell.swift in Sources */ = {isa = PBXBuildFile; fileRef = 7B9DB0271C44D3C4002C0F29 /* BluetoolsTableViewCell.swift */; };
		7B9DB0321C44D810002C0F29 /* signal-strength-1@2x.png in Resources */ = {isa = PBXBuildFile; fileRef = 7B9DB0291C44D810002C0F29 /* signal-strength-1@2x.png */; };
		7B9DB0331C44D810002C0F29 /* signal-strength-1a@2x.png in Resources */ = {isa = PBXBuildFile; fileRef = 7B9DB02A1C44D810002C0F29 /* signal-strength-1a@2x.png */; };
		7B9DB0341C44D810002C0F29 /* signal-strength-2@2x.png in Resources */ = {isa = PBXBuildFile; fileRef = 7B9DB02B1C44D810002C0F29 /* signal-strength-2@2x.png */; };
		7B9DB0351C44D810002C0F29 /* signal-strength-2a@2x.png in Resources */ = {isa = PBXBuildFile; fileRef = 7B9DB02C1C44D810002C0F29 /* signal-strength-2a@2x.png */; };
		7B9DB0361C44D810002C0F29 /* signal-strength-3@2x.png in Resources */ = {isa = PBXBuildFile; fileRef = 7B9DB02D1C44D810002C0F29 /* signal-strength-3@2x.png */; };
		7B9DB0371C44D810002C0F29 /* signal-strength-3a@2x.png in Resources */ = {isa = PBXBuildFile; fileRef = 7B9DB02E1C44D810002C0F29 /* signal-strength-3a@2x.png */; };
		7B9DB0381C44D810002C0F29 /* signal-strength-4@2x.png in Resources */ = {isa = PBXBuildFile; fileRef = 7B9DB02F1C44D810002C0F29 /* signal-strength-4@2x.png */; };
		7B9DB0391C44D810002C0F29 /* signal-strength-4a@2x.png in Resources */ = {isa = PBXBuildFile; fileRef = 7B9DB0301C44D810002C0F29 /* signal-strength-4a@2x.png */; };
		7B9DB03A1C44D810002C0F29 /* signal-strength-5@2x.png in Resources */ = {isa = PBXBuildFile; fileRef = 7B9DB0311C44D810002C0F29 /* signal-strength-5@2x.png */; };
		7BE394271C3B63B2005AEEC6 /* AlertViewController.swift in Sources */ = {isa = PBXBuildFile; fileRef = 7BE394261C3B63B2005AEEC6 /* AlertViewController.swift */; };
		7BE3E9401C4756DC0024CC3F /* NibTableViewHeaderView.xib in Resources */ = {isa = PBXBuildFile; fileRef = 7BE3E93F1C4756DC0024CC3F /* NibTableViewHeaderView.xib */; };
		7BE3E9421C47573F0024CC3F /* NibTableViewHeaderView.swift in Sources */ = {isa = PBXBuildFile; fileRef = 7BE3E9411C47573F0024CC3F /* NibTableViewHeaderView.swift */; };
		7BE6A7701C4641C9009838DE /* ServicesTableViewController.swift in Sources */ = {isa = PBXBuildFile; fileRef = 7BE6A76F1C4641C9009838DE /* ServicesTableViewController.swift */; };
		7BFD5C9D1C3FAB25004DD3BD /* AccelerometerViewController.swift in Sources */ = {isa = PBXBuildFile; fileRef = 7BFD5C9C1C3FAB25004DD3BD /* AccelerometerViewController.swift */; };
		7BFD5CA11C3FB5C8004DD3BD /* CyroViewController.swift in Sources */ = {isa = PBXBuildFile; fileRef = 7BFD5CA01C3FB5C8004DD3BD /* CyroViewController.swift */; };
		7BFD5CA31C3FB8FD004DD3BD /* DeviceMotionViewController.swift in Sources */ = {isa = PBXBuildFile; fileRef = 7BFD5CA21C3FB8FD004DD3BD /* DeviceMotionViewController.swift */; };
		9DEF09D41CB29DA60001DDE8 /* DataParserViewController.swift in Sources */ = {isa = PBXBuildFile; fileRef = 9DEF09D31CB29DA60001DDE8 /* DataParserViewController.swift */; };
		9DEF09D61CB29E230001DDE8 /* province_data.xml in Resources */ = {isa = PBXBuildFile; fileRef = 9DEF09D51CB29E230001DDE8 /* province_data.xml */; };
		9DEF09D81CB2A7B80001DDE8 /* ProvinceCityDistrictPickerView.swift in Sources */ = {isa = PBXBuildFile; fileRef = 9DEF09D71CB2A7B80001DDE8 /* ProvinceCityDistrictPickerView.swift */; };
		9DF9D7FE1C1085ED0027D109 /* AppDelegate.swift in Sources */ = {isa = PBXBuildFile; fileRef = 9DF9D7FD1C1085ED0027D109 /* AppDelegate.swift */; };
		9DF9D8031C1085ED0027D109 /* Main.storyboard in Resources */ = {isa = PBXBuildFile; fileRef = 9DF9D8011C1085ED0027D109 /* Main.storyboard */; };
		9DF9D8051C1085ED0027D109 /* Assets.xcassets in Resources */ = {isa = PBXBuildFile; fileRef = 9DF9D8041C1085ED0027D109 /* Assets.xcassets */; };
		9DF9D8081C1085ED0027D109 /* LaunchScreen.storyboard in Resources */ = {isa = PBXBuildFile; fileRef = 9DF9D8061C1085ED0027D109 /* LaunchScreen.storyboard */; };
/* End PBXBuildFile section */

/* Begin PBXFileReference section */
		7B026FB81C11711D005089B5 /* RootTableViewController.swift */ = {isa = PBXFileReference; fileEncoding = 4; lastKnownFileType = sourcecode.swift; path = RootTableViewController.swift; sourceTree = "<group>"; };
		7B026FBB1C11896F005089B5 /* Model.swift */ = {isa = PBXFileReference; fileEncoding = 4; lastKnownFileType = sourcecode.swift; path = Model.swift; sourceTree = "<group>"; };
		7B026FBC1C11896F005089B5 /* NibTableViewCell.swift */ = {isa = PBXFileReference; fileEncoding = 4; lastKnownFileType = sourcecode.swift; path = NibTableViewCell.swift; sourceTree = "<group>"; };
		7B026FBD1C11896F005089B5 /* NibTableViewCell.xib */ = {isa = PBXFileReference; fileEncoding = 4; lastKnownFileType = file.xib; path = NibTableViewCell.xib; sourceTree = "<group>"; };
		7B026FC01C11896F005089B5 /* TableViewController.swift */ = {isa = PBXFileReference; fileEncoding = 4; lastKnownFileType = sourcecode.swift; path = TableViewController.swift; sourceTree = "<group>"; };
		7B026FC71C118983005089B5 /* SelfSizeCellDemoTableViewController.swift */ = {isa = PBXFileReference; fileEncoding = 4; lastKnownFileType = sourcecode.swift; path = SelfSizeCellDemoTableViewController.swift; sourceTree = "<group>"; };
		7B026FC91C118A16005089B5 /* SelfSizeCellTableViewTableViewCell.swift */ = {isa = PBXFileReference; fileEncoding = 4; lastKnownFileType = sourcecode.swift; path = SelfSizeCellTableViewTableViewCell.swift; sourceTree = "<group>"; };
		7B183FEA1C167402007F25C7 /* ARCViewController.swift */ = {isa = PBXFileReference; fileEncoding = 4; lastKnownFileType = sourcecode.swift; path = ARCViewController.swift; sourceTree = "<group>"; };
		7B183FEC1C16786F007F25C7 /* ImageButton.swift */ = {isa = PBXFileReference; fileEncoding = 4; lastKnownFileType = sourcecode.swift; path = ImageButton.swift; sourceTree = "<group>"; };
		7B1949181C51DBF300B6C97F /* BleManager.swift */ = {isa = PBXFileReference; fileEncoding = 4; lastKnownFileType = sourcecode.swift; path = BleManager.swift; sourceTree = "<group>"; };
		7B1CF4DE1C508AFA006F239B /* ActionTableViewCell.swift */ = {isa = PBXFileReference; fileEncoding = 4; lastKnownFileType = sourcecode.swift; path = ActionTableViewCell.swift; sourceTree = "<group>"; };
		7B28855E1C3E121700A42FAA /* MotionManagerViewController.swift */ = {isa = PBXFileReference; fileEncoding = 4; lastKnownFileType = sourcecode.swift; path = MotionManagerViewController.swift; sourceTree = "<group>"; };
		7B2885601C3E167300A42FAA /* APLGraphView.swift */ = {isa = PBXFileReference; fileEncoding = 4; lastKnownFileType = sourcecode.swift; path = APLGraphView.swift; sourceTree = "<group>"; };
		7B3C8A2C1C43A7D1008081AD /* LocationManagerViewController.swift */ = {isa = PBXFileReference; fileEncoding = 4; lastKnownFileType = sourcecode.swift; path = LocationManagerViewController.swift; sourceTree = "<group>"; };
		7B991E091C4F6BF000E8E5F8 /* CharacteristicTableViewController.swift */ = {isa = PBXFileReference; fileEncoding = 4; lastKnownFileType = sourcecode.swift; path = CharacteristicTableViewController.swift; sourceTree = "<group>"; };
		7B9DB0201C4497F9002C0F29 /* MoreSensorViewController.swift */ = {isa = PBXFileReference; fileEncoding = 4; lastKnownFileType = sourcecode.swift; path = MoreSensorViewController.swift; sourceTree = "<group>"; };
		7B9DB0221C449D5E002C0F29 /* MagnetometerViewController.swift */ = {isa = PBXFileReference; fileEncoding = 4; lastKnownFileType = sourcecode.swift; path = MagnetometerViewController.swift; sourceTree = "<group>"; };
		7B9DB0251C44D395002C0F29 /* BluetoolsTableViewController.swift */ = {isa = PBXFileReference; fileEncoding = 4; lastKnownFileType = sourcecode.swift; path = BluetoolsTableViewController.swift; sourceTree = "<group>"; };
		7B9DB0271C44D3C4002C0F29 /* BluetoolsTableViewCell.swift */ = {isa = PBXFileReference; fileEncoding = 4; lastKnownFileType = sourcecode.swift; path = BluetoolsTableViewCell.swift; sourceTree = "<group>"; };
		7B9DB0291C44D810002C0F29 /* signal-strength-1@2x.png */ = {isa = PBXFileReference; lastKnownFileType = image.png; path = "signal-strength-1@2x.png"; sourceTree = "<group>"; };
		7B9DB02A1C44D810002C0F29 /* signal-strength-1a@2x.png */ = {isa = PBXFileReference; lastKnownFileType = image.png; path = "signal-strength-1a@2x.png"; sourceTree = "<group>"; };
		7B9DB02B1C44D810002C0F29 /* signal-strength-2@2x.png */ = {isa = PBXFileReference; lastKnownFileType = image.png; path = "signal-strength-2@2x.png"; sourceTree = "<group>"; };
		7B9DB02C1C44D810002C0F29 /* signal-strength-2a@2x.png */ = {isa = PBXFileReference; lastKnownFileType = image.png; path = "signal-strength-2a@2x.png"; sourceTree = "<group>"; };
		7B9DB02D1C44D810002C0F29 /* signal-strength-3@2x.png */ = {isa = PBXFileReference; lastKnownFileType = image.png; path = "signal-strength-3@2x.png"; sourceTree = "<group>"; };
		7B9DB02E1C44D810002C0F29 /* signal-strength-3a@2x.png */ = {isa = PBXFileReference; lastKnownFileType = image.png; path = "signal-strength-3a@2x.png"; sourceTree = "<group>"; };
		7B9DB02F1C44D810002C0F29 /* signal-strength-4@2x.png */ = {isa = PBXFileReference; lastKnownFileType = image.png; path = "signal-strength-4@2x.png"; sourceTree = "<group>"; };
		7B9DB0301C44D810002C0F29 /* signal-strength-4a@2x.png */ = {isa = PBXFileReference; lastKnownFileType = image.png; path = "signal-strength-4a@2x.png"; sourceTree = "<group>"; };
		7B9DB0311C44D810002C0F29 /* signal-strength-5@2x.png */ = {isa = PBXFileReference; lastKnownFileType = image.png; path = "signal-strength-5@2x.png"; sourceTree = "<group>"; };
		7BE394261C3B63B2005AEEC6 /* AlertViewController.swift */ = {isa = PBXFileReference; fileEncoding = 4; lastKnownFileType = sourcecode.swift; path = AlertViewController.swift; sourceTree = "<group>"; };
		7BE3E93F1C4756DC0024CC3F /* NibTableViewHeaderView.xib */ = {isa = PBXFileReference; fileEncoding = 4; lastKnownFileType = file.xib; path = NibTableViewHeaderView.xib; sourceTree = "<group>"; };
		7BE3E9411C47573F0024CC3F /* NibTableViewHeaderView.swift */ = {isa = PBXFileReference; fileEncoding = 4; lastKnownFileType = sourcecode.swift; path = NibTableViewHeaderView.swift; sourceTree = "<group>"; };
		7BE6A76F1C4641C9009838DE /* ServicesTableViewController.swift */ = {isa = PBXFileReference; fileEncoding = 4; lastKnownFileType = sourcecode.swift; path = ServicesTableViewController.swift; sourceTree = "<group>"; };
		7BFD5C9C1C3FAB25004DD3BD /* AccelerometerViewController.swift */ = {isa = PBXFileReference; fileEncoding = 4; lastKnownFileType = sourcecode.swift; path = AccelerometerViewController.swift; sourceTree = "<group>"; };
		7BFD5CA01C3FB5C8004DD3BD /* CyroViewController.swift */ = {isa = PBXFileReference; fileEncoding = 4; lastKnownFileType = sourcecode.swift; path = CyroViewController.swift; sourceTree = "<group>"; };
		7BFD5CA21C3FB8FD004DD3BD /* DeviceMotionViewController.swift */ = {isa = PBXFileReference; fileEncoding = 4; lastKnownFileType = sourcecode.swift; path = DeviceMotionViewController.swift; sourceTree = "<group>"; };
		9DEF09D31CB29DA60001DDE8 /* DataParserViewController.swift */ = {isa = PBXFileReference; fileEncoding = 4; lastKnownFileType = sourcecode.swift; path = DataParserViewController.swift; sourceTree = "<group>"; };
		9DEF09D51CB29E230001DDE8 /* province_data.xml */ = {isa = PBXFileReference; fileEncoding = 4; lastKnownFileType = text.xml; path = province_data.xml; sourceTree = "<group>"; };
		9DEF09D71CB2A7B80001DDE8 /* ProvinceCityDistrictPickerView.swift */ = {isa = PBXFileReference; fileEncoding = 4; lastKnownFileType = sourcecode.swift; path = ProvinceCityDistrictPickerView.swift; sourceTree = "<group>"; };
		9DF9D7FA1C1085ED0027D109 /* SwiftDemos.app */ = {isa = PBXFileReference; explicitFileType = wrapper.application; includeInIndex = 0; path = SwiftDemos.app; sourceTree = BUILT_PRODUCTS_DIR; };
		9DF9D7FD1C1085ED0027D109 /* AppDelegate.swift */ = {isa = PBXFileReference; lastKnownFileType = sourcecode.swift; path = AppDelegate.swift; sourceTree = "<group>"; };
		9DF9D8021C1085ED0027D109 /* Base */ = {isa = PBXFileReference; lastKnownFileType = file.storyboard; name = Base; path = Base.lproj/Main.storyboard; sourceTree = "<group>"; };
		9DF9D8041C1085ED0027D109 /* Assets.xcassets */ = {isa = PBXFileReference; lastKnownFileType = folder.assetcatalog; path = Assets.xcassets; sourceTree = "<group>"; };
		9DF9D8071C1085ED0027D109 /* Base */ = {isa = PBXFileReference; lastKnownFileType = file.storyboard; name = Base; path = Base.lproj/LaunchScreen.storyboard; sourceTree = "<group>"; };
		9DF9D8091C1085ED0027D109 /* Info.plist */ = {isa = PBXFileReference; lastKnownFileType = text.plist.xml; path = Info.plist; sourceTree = "<group>"; };
/* End PBXFileReference section */

/* Begin PBXFrameworksBuildPhase section */
		9DF9D7F71C1085ED0027D109 /* Frameworks */ = {
			isa = PBXFrameworksBuildPhase;
			buildActionMask = 2147483647;
			files = (
			);
			runOnlyForDeploymentPostprocessing = 0;
		};
/* End PBXFrameworksBuildPhase section */

/* Begin PBXGroup section */
		7B026FB71C1170E8005089B5 /* Supporting Files */ = {
			isa = PBXGroup;
			children = (
				7B9DB0291C44D810002C0F29 /* signal-strength-1@2x.png */,
				7B9DB02A1C44D810002C0F29 /* signal-strength-1a@2x.png */,
				7B9DB02B1C44D810002C0F29 /* signal-strength-2@2x.png */,
				7B9DB02C1C44D810002C0F29 /* signal-strength-2a@2x.png */,
				7B9DB02D1C44D810002C0F29 /* signal-strength-3@2x.png */,
				7B9DB02E1C44D810002C0F29 /* signal-strength-3a@2x.png */,
				7B9DB02F1C44D810002C0F29 /* signal-strength-4@2x.png */,
				7B9DB0301C44D810002C0F29 /* signal-strength-4a@2x.png */,
				7B9DB0311C44D810002C0F29 /* signal-strength-5@2x.png */,
				9DF9D7FD1C1085ED0027D109 /* AppDelegate.swift */,
				9DF9D8041C1085ED0027D109 /* Assets.xcassets */,
				9DF9D8061C1085ED0027D109 /* LaunchScreen.storyboard */,
				9DF9D8091C1085ED0027D109 /* Info.plist */,
			);
			name = "Supporting Files";
			sourceTree = "<group>";
		};
		7B026FBA1C1188C8005089B5 /* TableViewDemo */ = {
			isa = PBXGroup;
			children = (
				7B026FC71C118983005089B5 /* SelfSizeCellDemoTableViewController.swift */,
				7B026FC91C118A16005089B5 /* SelfSizeCellTableViewTableViewCell.swift */,
				7B026FBB1C11896F005089B5 /* Model.swift */,
				7B026FBC1C11896F005089B5 /* NibTableViewCell.swift */,
				7B026FBD1C11896F005089B5 /* NibTableViewCell.xib */,
				7B026FC01C11896F005089B5 /* TableViewController.swift */,
			);
			name = TableViewDemo;
			sourceTree = "<group>";
		};
		7B28855D1C3E11ED00A42FAA /* MotionManager */ = {
			isa = PBXGroup;
			children = (
				7B28855E1C3E121700A42FAA /* MotionManagerViewController.swift */,
				7B2885601C3E167300A42FAA /* APLGraphView.swift */,
				7BFD5C9C1C3FAB25004DD3BD /* AccelerometerViewController.swift */,
				7BFD5CA01C3FB5C8004DD3BD /* CyroViewController.swift */,
				7BFD5CA21C3FB8FD004DD3BD /* DeviceMotionViewController.swift */,
				7B9DB0201C4497F9002C0F29 /* MoreSensorViewController.swift */,
				7B9DB0221C449D5E002C0F29 /* MagnetometerViewController.swift */,
			);
			name = MotionManager;
			sourceTree = "<group>";
		};
		7B3C8A2B1C43A7AC008081AD /* LocationManager */ = {
			isa = PBXGroup;
			children = (
				7B3C8A2C1C43A7D1008081AD /* LocationManagerViewController.swift */,
			);
			name = LocationManager;
			sourceTree = "<group>";
		};
		7B9DB0241C44D05A002C0F29 /* Bluetools */ = {
			isa = PBXGroup;
			children = (
				7B9DB0251C44D395002C0F29 /* BluetoolsTableViewController.swift */,
				7B9DB0271C44D3C4002C0F29 /* BluetoolsTableViewCell.swift */,
				7BE6A76F1C4641C9009838DE /* ServicesTableViewController.swift */,
				7BE3E9411C47573F0024CC3F /* NibTableViewHeaderView.swift */,
				7BE3E93F1C4756DC0024CC3F /* NibTableViewHeaderView.xib */,
				7B991E091C4F6BF000E8E5F8 /* CharacteristicTableViewController.swift */,
				7B1CF4DE1C508AFA006F239B /* ActionTableViewCell.swift */,
				7B1949181C51DBF300B6C97F /* BleManager.swift */,
			);
			name = Bluetools;
			sourceTree = "<group>";
		};
		7BE394281C3B63C8005AEEC6 /* ARCView */ = {
			isa = PBXGroup;
			children = (
				7B183FEA1C167402007F25C7 /* ARCViewController.swift */,
				7B183FEC1C16786F007F25C7 /* ImageButton.swift */,
			);
			name = ARCView;
			sourceTree = "<group>";
		};
		7BE394291C3B63F3005AEEC6 /* Alert */ = {
			isa = PBXGroup;
			children = (
				7BE394261C3B63B2005AEEC6 /* AlertViewController.swift */,
			);
			name = Alert;
			sourceTree = "<group>";
		};
		9DEF09D21CB29D420001DDE8 /* DataParser */ = {
			isa = PBXGroup;
			children = (
				9DEF09D51CB29E230001DDE8 /* province_data.xml */,
				9DEF09D31CB29DA60001DDE8 /* DataParserViewController.swift */,
				9DEF09D71CB2A7B80001DDE8 /* ProvinceCityDistrictPickerView.swift */,
			);
			name = DataParser;
			sourceTree = "<group>";
		};
		9DF9D7F11C1085ED0027D109 = {
			isa = PBXGroup;
			children = (
				9DF9D7FC1C1085ED0027D109 /* SwiftDemos */,
				9DF9D7FB1C1085ED0027D109 /* Products */,
			);
			sourceTree = "<group>";
		};
		9DF9D7FB1C1085ED0027D109 /* Products */ = {
			isa = PBXGroup;
			children = (
				9DF9D7FA1C1085ED0027D109 /* SwiftDemos.app */,
			);
			name = Products;
			sourceTree = "<group>";
		};
		9DF9D7FC1C1085ED0027D109 /* SwiftDemos */ = {
			isa = PBXGroup;
			children = (
				9DEF09D21CB29D420001DDE8 /* DataParser */,
				7B9DB0241C44D05A002C0F29 /* Bluetools */,
				7B3C8A2B1C43A7AC008081AD /* LocationManager */,
				7B28855D1C3E11ED00A42FAA /* MotionManager */,
				7BE394291C3B63F3005AEEC6 /* Alert */,
				7BE394281C3B63C8005AEEC6 /* ARCView */,
				7B026FBA1C1188C8005089B5 /* TableViewDemo */,
				7B026FB71C1170E8005089B5 /* Supporting Files */,
				9DF9D8011C1085ED0027D109 /* Main.storyboard */,
				7B026FB81C11711D005089B5 /* RootTableViewController.swift */,
			);
			path = SwiftDemos;
			sourceTree = "<group>";
		};
/* End PBXGroup section */

/* Begin PBXNativeTarget section */
		9DF9D7F91C1085ED0027D109 /* SwiftDemos */ = {
			isa = PBXNativeTarget;
			buildConfigurationList = 9DF9D80C1C1085ED0027D109 /* Build configuration list for PBXNativeTarget "SwiftDemos" */;
			buildPhases = (
				9DF9D7F61C1085ED0027D109 /* Sources */,
				9DF9D7F71C1085ED0027D109 /* Frameworks */,
				9DF9D7F81C1085ED0027D109 /* Resources */,
			);
			buildRules = (
			);
			dependencies = (
			);
			name = SwiftDemos;
			productName = SwiftDemos;
			productReference = 9DF9D7FA1C1085ED0027D109 /* SwiftDemos.app */;
			productType = "com.apple.product-type.application";
		};
/* End PBXNativeTarget section */

/* Begin PBXProject section */
		9DF9D7F21C1085ED0027D109 /* Project object */ = {
			isa = PBXProject;
			attributes = {
				LastSwiftUpdateCheck = 0710;
				LastUpgradeCheck = 0710;
				ORGANIZATIONNAME = twt;
				TargetAttributes = {
					9DF9D7F91C1085ED0027D109 = {
						CreatedOnToolsVersion = 7.1;
						DevelopmentTeam = U9FY256HLC;
					};
				};
			};
			buildConfigurationList = 9DF9D7F51C1085ED0027D109 /* Build configuration list for PBXProject "SwiftDemos" */;
			compatibilityVersion = "Xcode 3.2";
			developmentRegion = English;
			hasScannedForEncodings = 0;
			knownRegions = (
				en,
				Base,
			);
			mainGroup = 9DF9D7F11C1085ED0027D109;
			productRefGroup = 9DF9D7FB1C1085ED0027D109 /* Products */;
			projectDirPath = "";
			projectRoot = "";
			targets = (
				9DF9D7F91C1085ED0027D109 /* SwiftDemos */,
			);
		};
/* End PBXProject section */

/* Begin PBXResourcesBuildPhase section */
		9DF9D7F81C1085ED0027D109 /* Resources */ = {
			isa = PBXResourcesBuildPhase;
			buildActionMask = 2147483647;
			files = (
				7B9DB0351C44D810002C0F29 /* signal-strength-2a@2x.png in Resources */,
				9DF9D8081C1085ED0027D109 /* LaunchScreen.storyboard in Resources */,
				7B026FC31C11896F005089B5 /* NibTableViewCell.xib in Resources */,
				9DF9D8051C1085ED0027D109 /* Assets.xcassets in Resources */,
				7B9DB0361C44D810002C0F29 /* signal-strength-3@2x.png in Resources */,
				7B9DB0331C44D810002C0F29 /* signal-strength-1a@2x.png in Resources */,
				9DF9D8031C1085ED0027D109 /* Main.storyboard in Resources */,
				7B9DB0381C44D810002C0F29 /* signal-strength-4@2x.png in Resources */,
				7B9DB03A1C44D810002C0F29 /* signal-strength-5@2x.png in Resources */,
				7B9DB0371C44D810002C0F29 /* signal-strength-3a@2x.png in Resources */,
				7BE3E9401C4756DC0024CC3F /* NibTableViewHeaderView.xib in Resources */,
				7B9DB0341C44D810002C0F29 /* signal-strength-2@2x.png in Resources */,
				7B9DB0391C44D810002C0F29 /* signal-strength-4a@2x.png in Resources */,
				7B9DB0321C44D810002C0F29 /* signal-strength-1@2x.png in Resources */,
				9DEF09D61CB29E230001DDE8 /* province_data.xml in Resources */,
			);
			runOnlyForDeploymentPostprocessing = 0;
		};
/* End PBXResourcesBuildPhase section */

/* Begin PBXSourcesBuildPhase section */
		9DF9D7F61C1085ED0027D109 /* Sources */ = {
			isa = PBXSourcesBuildPhase;
			buildActionMask = 2147483647;
			files = (
				7B183FEB1C167402007F25C7 /* ARCViewController.swift in Sources */,
				7BFD5CA31C3FB8FD004DD3BD /* DeviceMotionViewController.swift in Sources */,
				7B9DB0261C44D395002C0F29 /* BluetoolsTableViewController.swift in Sources */,
				7B026FC11C11896F005089B5 /* Model.swift in Sources */,
				7BE6A7701C4641C9009838DE /* ServicesTableViewController.swift in Sources */,
				7B1CF4DF1C508AFA006F239B /* ActionTableViewCell.swift in Sources */,
				7B9DB0211C4497F9002C0F29 /* MoreSensorViewController.swift in Sources */,
				7B1949191C51DBF300B6C97F /* BleManager.swift in Sources */,
				7B9DB0231C449D5E002C0F29 /* MagnetometerViewController.swift in Sources */,
				7B026FC81C118983005089B5 /* SelfSizeCellDemoTableViewController.swift in Sources */,
				7BE394271C3B63B2005AEEC6 /* AlertViewController.swift in Sources */,
				7B026FC61C11896F005089B5 /* TableViewController.swift in Sources */,
				7BE3E9421C47573F0024CC3F /* NibTableViewHeaderView.swift in Sources */,
				9DEF09D41CB29DA60001DDE8 /* DataParserViewController.swift in Sources */,
				7B183FED1C16786F007F25C7 /* ImageButton.swift in Sources */,
				7B28855F1C3E121700A42FAA /* MotionManagerViewController.swift in Sources */,
				7B9DB0281C44D3C4002C0F29 /* BluetoolsTableViewCell.swift in Sources */,
				7B026FC21C11896F005089B5 /* NibTableViewCell.swift in Sources */,
				7B991E0A1C4F6BF000E8E5F8 /* CharacteristicTableViewController.swift in Sources */,
				7B3C8A2D1C43A7D1008081AD /* LocationManagerViewController.swift in Sources */,
				9DEF09D81CB2A7B80001DDE8 /* ProvinceCityDistrictPickerView.swift in Sources */,
				7B026FCA1C118A16005089B5 /* SelfSizeCellTableViewTableViewCell.swift in Sources */,
				7BFD5C9D1C3FAB25004DD3BD /* AccelerometerViewController.swift in Sources */,
				7B026FB91C11711D005089B5 /* RootTableViewController.swift in Sources */,
				9DF9D7FE1C1085ED0027D109 /* AppDelegate.swift in Sources */,
				7B2885611C3E167300A42FAA /* APLGraphView.swift in Sources */,
				7BFD5CA11C3FB5C8004DD3BD /* CyroViewController.swift in Sources */,
			);
			runOnlyForDeploymentPostprocessing = 0;
		};
/* End PBXSourcesBuildPhase section */

/* Begin PBXVariantGroup section */
		9DF9D8011C1085ED0027D109 /* Main.storyboard */ = {
			isa = PBXVariantGroup;
			children = (
				9DF9D8021C1085ED0027D109 /* Base */,
			);
			name = Main.storyboard;
			sourceTree = "<group>";
		};
		9DF9D8061C1085ED0027D109 /* LaunchScreen.storyboard */ = {
			isa = PBXVariantGroup;
			children = (
				9DF9D8071C1085ED0027D109 /* Base */,
			);
			name = LaunchScreen.storyboard;
			sourceTree = "<group>";
		};
/* End PBXVariantGroup section */

/* Begin XCBuildConfiguration section */
		9DF9D80A1C1085ED0027D109 /* Debug */ = {
			isa = XCBuildConfiguration;
			buildSettings = {
				ALWAYS_SEARCH_USER_PATHS = NO;
				CLANG_CXX_LANGUAGE_STANDARD = "gnu++0x";
				CLANG_CXX_LIBRARY = "libc++";
				CLANG_ENABLE_MODULES = YES;
				CLANG_ENABLE_OBJC_ARC = YES;
				CLANG_WARN_BOOL_CONVERSION = YES;
				CLANG_WARN_CONSTANT_CONVERSION = YES;
				CLANG_WARN_DIRECT_OBJC_ISA_USAGE = YES_ERROR;
				CLANG_WARN_EMPTY_BODY = YES;
				CLANG_WARN_ENUM_CONVERSION = YES;
				CLANG_WARN_INT_CONVERSION = YES;
				CLANG_WARN_OBJC_ROOT_CLASS = YES_ERROR;
				CLANG_WARN_UNREACHABLE_CODE = YES;
				CLANG_WARN__DUPLICATE_METHOD_MATCH = YES;
				"CODE_SIGN_IDENTITY[sdk=iphoneos*]" = "iPhone Developer";
				COPY_PHASE_STRIP = NO;
				DEBUG_INFORMATION_FORMAT = dwarf;
				ENABLE_STRICT_OBJC_MSGSEND = YES;
				ENABLE_TESTABILITY = YES;
				GCC_C_LANGUAGE_STANDARD = gnu99;
				GCC_DYNAMIC_NO_PIC = NO;
				GCC_NO_COMMON_BLOCKS = YES;
				GCC_OPTIMIZATION_LEVEL = 0;
				GCC_PREPROCESSOR_DEFINITIONS = (
					"DEBUG=1",
					"$(inherited)",
				);
				GCC_WARN_64_TO_32_BIT_CONVERSION = YES;
				GCC_WARN_ABOUT_RETURN_TYPE = YES_ERROR;
				GCC_WARN_UNDECLARED_SELECTOR = YES;
				GCC_WARN_UNINITIALIZED_AUTOS = YES_AGGRESSIVE;
				GCC_WARN_UNUSED_FUNCTION = YES;
				GCC_WARN_UNUSED_VARIABLE = YES;
				IPHONEOS_DEPLOYMENT_TARGET = 9.1;
				MTL_ENABLE_DEBUG_INFO = YES;
				ONLY_ACTIVE_ARCH = YES;
				SDKROOT = iphoneos;
				SWIFT_OPTIMIZATION_LEVEL = "-Onone";
				TARGETED_DEVICE_FAMILY = "1,2";
			};
			name = Debug;
		};
		9DF9D80B1C1085ED0027D109 /* Release */ = {
			isa = XCBuildConfiguration;
			buildSettings = {
				ALWAYS_SEARCH_USER_PATHS = NO;
				CLANG_CXX_LANGUAGE_STANDARD = "gnu++0x";
				CLANG_CXX_LIBRARY = "libc++";
				CLANG_ENABLE_MODULES = YES;
				CLANG_ENABLE_OBJC_ARC = YES;
				CLANG_WARN_BOOL_CONVERSION = YES;
				CLANG_WARN_CONSTANT_CONVERSION = YES;
				CLANG_WARN_DIRECT_OBJC_ISA_USAGE = YES_ERROR;
				CLANG_WARN_EMPTY_BODY = YES;
				CLANG_WARN_ENUM_CONVERSION = YES;
				CLANG_WARN_INT_CONVERSION = YES;
				CLANG_WARN_OBJC_ROOT_CLASS = YES_ERROR;
				CLANG_WARN_UNREACHABLE_CODE = YES;
				CLANG_WARN__DUPLICATE_METHOD_MATCH = YES;
				"CODE_SIGN_IDENTITY[sdk=iphoneos*]" = "iPhone Developer";
				COPY_PHASE_STRIP = NO;
				DEBUG_INFORMATION_FORMAT = "dwarf-with-dsym";
				ENABLE_NS_ASSERTIONS = NO;
				ENABLE_STRICT_OBJC_MSGSEND = YES;
				GCC_C_LANGUAGE_STANDARD = gnu99;
				GCC_NO_COMMON_BLOCKS = YES;
				GCC_WARN_64_TO_32_BIT_CONVERSION = YES;
				GCC_WARN_ABOUT_RETURN_TYPE = YES_ERROR;
				GCC_WARN_UNDECLARED_SELECTOR = YES;
				GCC_WARN_UNINITIALIZED_AUTOS = YES_AGGRESSIVE;
				GCC_WARN_UNUSED_FUNCTION = YES;
				GCC_WARN_UNUSED_VARIABLE = YES;
				IPHONEOS_DEPLOYMENT_TARGET = 9.1;
				MTL_ENABLE_DEBUG_INFO = NO;
				SDKROOT = iphoneos;
				TARGETED_DEVICE_FAMILY = "1,2";
				VALIDATE_PRODUCT = YES;
			};
			name = Release;
		};
		9DF9D80D1C1085ED0027D109 /* Debug */ = {
			isa = XCBuildConfiguration;
			buildSettings = {
				ASSETCATALOG_COMPILER_APPICON_NAME = AppIcon;
				CODE_SIGN_IDENTITY = "iPhone Developer";
				INFOPLIST_FILE = SwiftDemos/Info.plist;
				IPHONEOS_DEPLOYMENT_TARGET = 8.0;
				LD_RUNPATH_SEARCH_PATHS = "$(inherited) @executable_path/Frameworks";
				PRODUCT_BUNDLE_IDENTIFIER = twt.com.SwiftDemos;
				PRODUCT_NAME = "$(TARGET_NAME)";
			};
			name = Debug;
		};
		9DF9D80E1C1085ED0027D109 /* Release */ = {
			isa = XCBuildConfiguration;
			buildSettings = {
				ASSETCATALOG_COMPILER_APPICON_NAME = AppIcon;
				CODE_SIGN_IDENTITY = "iPhone Developer";
				INFOPLIST_FILE = SwiftDemos/Info.plist;
				IPHONEOS_DEPLOYMENT_TARGET = 8.0;
				LD_RUNPATH_SEARCH_PATHS = "$(inherited) @executable_path/Frameworks";
				PRODUCT_BUNDLE_IDENTIFIER = twt.com.SwiftDemos;
				PRODUCT_NAME = "$(TARGET_NAME)";
			};
			name = Release;
		};
/* End XCBuildConfiguration section */

/* Begin XCConfigurationList section */
		9DF9D7F51C1085ED0027D109 /* Build configuration list for PBXProject "SwiftDemos" */ = {
			isa = XCConfigurationList;
			buildConfigurations = (
				9DF9D80A1C1085ED0027D109 /* Debug */,
				9DF9D80B1C1085ED0027D109 /* Release */,
			);
			defaultConfigurationIsVisible = 0;
			defaultConfigurationName = Release;
		};
		9DF9D80C1C1085ED0027D109 /* Build configuration list for PBXNativeTarget "SwiftDemos" */ = {
			isa = XCConfigurationList;
			buildConfigurations = (
				9DF9D80D1C1085ED0027D109 /* Debug */,
				9DF9D80E1C1085ED0027D109 /* Release */,
			);
			defaultConfigurationIsVisible = 0;
			defaultConfigurationName = Release;
		};
/* End XCConfigurationList section */
	};
	rootObject = 9DF9D7F21C1085ED0027D109 /* Project object */;
}
